PODS:
  - Firebase/CoreOnly (8.6.0):
    - FirebaseCore (= 8.6.0)
  - Firebase/Messaging (8.6.0):
    - Firebase/CoreOnly
    - FirebaseMessaging (~> 8.6.0)
  - firebase_core (1.6.0):
    - Firebase/CoreOnly (= 8.6.0)
    - Flutter
  - firebase_messaging (10.0.7):
    - Firebase/Messaging (= 8.6.0)
    - firebase_core
    - Flutter
  - FirebaseCore (8.6.0):
    - FirebaseCoreDiagnostics (~> 8.0)
    - GoogleUtilities/Environment (~> 7.4)
    - GoogleUtilities/Logger (~> 7.4)
  - FirebaseCoreDiagnostics (8.7.0):
    - GoogleDataTransport (~> 9.0)
    - GoogleUtilities/Environment (~> 7.4)
    - GoogleUtilities/Logger (~> 7.4)
    - nanopb (~> 2.30908.0)
  - FirebaseInstallations (8.7.0):
    - FirebaseCore (~> 8.0)
    - GoogleUtilities/Environment (~> 7.4)
    - GoogleUtilities/UserDefaults (~> 7.4)
    - PromisesObjC (< 3.0, >= 1.2)
  - FirebaseMessaging (8.6.0):
    - FirebaseCore (~> 8.0)
    - FirebaseInstallations (~> 8.0)
    - GoogleDataTransport (~> 9.0)
    - GoogleUtilities/AppDelegateSwizzler (~> 7.4)
    - GoogleUtilities/Environment (~> 7.4)
    - GoogleUtilities/Reachability (~> 7.4)
    - GoogleUtilities/UserDefaults (~> 7.4)
    - nanopb (~> 2.30908.0)
  - Flutter (1.0.0)
  - flutter_secure_storage (3.3.1):
    - Flutter
  - flutter_web_auth (0.3.1):
    - Flutter
  - GoogleDataTransport (9.1.0):
    - GoogleUtilities/Environment (~> 7.2)
    - nanopb (~> 2.30908.0)
    - PromisesObjC (< 3.0, >= 1.2)
  - GoogleUtilities/AppDelegateSwizzler (7.5.2):
    - GoogleUtilities/Environment
    - GoogleUtilities/Logger
    - GoogleUtilities/Network
  - GoogleUtilities/Environment (7.5.2):
    - PromisesObjC (< 3.0, >= 1.2)
  - GoogleUtilities/Logger (7.5.2):
    - GoogleUtilities/Environment
  - GoogleUtilities/Network (7.5.2):
    - GoogleUtilities/Logger
    - "GoogleUtilities/NSData+zlib"
    - GoogleUtilities/Reachability
  - "GoogleUtilities/NSData+zlib (7.5.2)"
  - GoogleUtilities/Reachability (7.5.2):
    - GoogleUtilities/Logger
  - GoogleUtilities/UserDefaults (7.5.2):
    - GoogleUtilities/Logger
  - image_cropper (0.0.4):
    - Flutter
    - TOCropViewController (~> 2.6.0)
  - image_picker (0.0.1):
    - Flutter
  - nanopb (2.30908.0):
    - nanopb/decode (= 2.30908.0)
    - nanopb/encode (= 2.30908.0)
  - nanopb/decode (2.30908.0)
  - nanopb/encode (2.30908.0)
  - package_info_plus (0.4.5):
    - Flutter
  - path_provider (0.0.1):
    - Flutter
  - PromisesObjC (2.0.0)
  - Sentry (7.3.0):
    - Sentry/Core (= 7.3.0)
  - Sentry/Core (7.3.0)
  - sentry_flutter (0.0.1):
    - Flutter
    - FlutterMacOS
    - Sentry (~> 7.3.0)
  - share_plus (0.0.1):
    - Flutter
  - shared_preferences (0.0.1):
    - Flutter
  - TOCropViewController (2.6.0)
  - url_launcher (0.0.1):
    - Flutter

DEPENDENCIES:
  - firebase_core (from `.symlinks/plugins/firebase_core/ios`)
  - firebase_messaging (from `.symlinks/plugins/firebase_messaging/ios`)
  - Flutter (from `Flutter`)
  - flutter_secure_storage (from `.symlinks/plugins/flutter_secure_storage/ios`)
  - flutter_web_auth (from `.symlinks/plugins/flutter_web_auth/ios`)
  - image_cropper (from `.symlinks/plugins/image_cropper/ios`)
  - image_picker (from `.symlinks/plugins/image_picker/ios`)
  - package_info_plus (from `.symlinks/plugins/package_info_plus/ios`)
  - path_provider (from `.symlinks/plugins/path_provider/ios`)
  - sentry_flutter (from `.symlinks/plugins/sentry_flutter/ios`)
  - share_plus (from `.symlinks/plugins/share_plus/ios`)
  - shared_preferences (from `.symlinks/plugins/shared_preferences/ios`)
  - url_launcher (from `.symlinks/plugins/url_launcher/ios`)

SPEC REPOS:
  trunk:
    - Firebase
    - FirebaseCore
    - FirebaseCoreDiagnostics
    - FirebaseInstallations
    - FirebaseMessaging
    - GoogleDataTransport
    - GoogleUtilities
    - nanopb
    - PromisesObjC
    - Sentry
    - TOCropViewController

EXTERNAL SOURCES:
  firebase_core:
    :path: ".symlinks/plugins/firebase_core/ios"
  firebase_messaging:
    :path: ".symlinks/plugins/firebase_messaging/ios"
  Flutter:
    :path: Flutter
  flutter_secure_storage:
    :path: ".symlinks/plugins/flutter_secure_storage/ios"
  flutter_web_auth:
    :path: ".symlinks/plugins/flutter_web_auth/ios"
  image_cropper:
    :path: ".symlinks/plugins/image_cropper/ios"
  image_picker:
    :path: ".symlinks/plugins/image_picker/ios"
  package_info_plus:
    :path: ".symlinks/plugins/package_info_plus/ios"
  path_provider:
    :path: ".symlinks/plugins/path_provider/ios"
  sentry_flutter:
    :path: ".symlinks/plugins/sentry_flutter/ios"
  share_plus:
    :path: ".symlinks/plugins/share_plus/ios"
  shared_preferences:
    :path: ".symlinks/plugins/shared_preferences/ios"
  url_launcher:
    :path: ".symlinks/plugins/url_launcher/ios"

SPEC CHECKSUMS:
  Firebase: 21ac9f28b09a8bdfc005f34c984fca84e7e8786d
  firebase_core: c21ac09a8d23afd3594b56ed786bad12e5266bba
  firebase_messaging: 0fddeca6fcfee0bed23c66210391d782af8f8d0e
  FirebaseCore: 620b677f70f5470a8e59cb77f3ddc666f6f09785
  FirebaseCoreDiagnostics: b63732f581a1c6a453ec7241f9ab60b3a5bd3450
  FirebaseInstallations: ede6fb72bb6337914e5888b399271259d0c4910c
  FirebaseMessaging: ce0a5ee974f7bfe83b6cc5acce88c2d969e37c41
  Flutter: 50d75fe2f02b26cc09d224853bb45737f8b3214a
  flutter_secure_storage: 7953c38a04c3fdbb00571bcd87d8e3b5ceb9daec
  flutter_web_auth: eae2fc62b97d9a44c5c2a1ed0404a6ce396e3d7f
  GoogleDataTransport: 85fd18ff3019bb85d3f2c551d04c481dedf71fc9
  GoogleUtilities: 8de2a97a17e15b6b98e38e8770e2d129a57c0040
  image_cropper: f1668dd8d2cad2d357955caad15a40547856edcb
  image_picker: 9aa50e1d8cdacdbed739e925b7eea16d014367e6
  nanopb: a0ba3315591a9ae0a16a309ee504766e90db0c96
  package_info_plus: 6c92f08e1f853dc01228d6f553146438dafcd14e
  path_provider: d1e9807085df1f9cc9318206cd649dc0b76be3de
  PromisesObjC: 68159ce6952d93e17b2dfe273b8c40907db5ba58
  Sentry: 9a4e621430e2dae4477d791f2f7e905720b6efbf
  sentry_flutter: 08fadaed464f44e1233d3fbb0c72b10cebd79487
  share_plus: 056a1e8ac890df3e33cb503afffaf1e9b4fbae68
  shared_preferences: 5033afbb22d372e15aff8ff766df9021b845f273
  TOCropViewController: 3105367e808b7d3d886a74ff59bf4804e7d3ab38
  url_launcher: b6e016d912f04be9f5bf6e8e82dc599b7ba59649

PODFILE CHECKSUM: 7368163408c647b7eb699d0d788ba6718e18fb8d

COCOAPODS: 1.11.0
